
Microsoft Visual Studio Solution File, Format Version 12.00
# Visual Studio 15
VisualStudioVersion = 15.0.27703.2026
MinimumVisualStudioVersion = 10.0.40219.1
Project("{FAE04EC0-301F-11D3-BF4B-00C04F79EFBC}") = "OOPSReview", "OOPSReview\OOPSReview.csproj", "{0848FE94-25D0-4B02-9649-E447962D0181}"
EndProject
Global
	GlobalSection(SolutionConfigurationPlatforms) = preSolution
		Debug|Any CPU = Debug|Any CPU
		Release|Any CPU = Release|Any CPU
	EndGlobalSection
	GlobalSection(ProjectConfigurationPlatforms) = postSolution
		{0848FE94-25D0-4B02-9649-E447962D0181}.Debug|Any CPU.ActiveCfg = Debug|Any CPU
		{0848FE94-25D0-4B02-9649-E447962D0181}.Debug|Any CPU.Build.0 = Debug|Any CPU
		{0848FE94-25D0-4B02-9649-E447962D0181}.Release|Any CPU.ActiveCfg = Release|Any CPU
		{0848FE94-25D0-4B02-9649-E447962D0181}.Release|Any CPU.Build.0 = Release|Any CPU
	EndGlobalSection
	GlobalSection(SolutionProperties) = preSolution
		HideSolutionNode = FALSE
	EndGlobalSection
	GlobalSection(ExtensibilityGlobals) = postSolution
		SolutionGuid = {22C2E6C2-6F67-48A5-98D8-9EA0A29DB071}
	EndGlobalSection
EndGlobal
